
Microsoft Visual Studio Solution File, Format Version 12.00
# Visual Studio Version 17
VisualStudioVersion = 17.4.33213.308
MinimumVisualStudioVersion = 10.0.40219.1
Project("{FAE04EC0-301F-11D3-BF4B-00C04F79EFBC}") = "20230324_GameJam_StrategyVillageBuilder_LostWorlds", "20230324_GameJam_StrategyVillageBuilder_LostWorlds.csproj", "{BBC2208C-58D7-481B-9DBD-642AB87C0E06}"
EndProject
Global
	GlobalSection(SolutionConfigurationPlatforms) = preSolution
		Debug|Any CPU = Debug|Any CPU
		Release|Any CPU = Release|Any CPU
	EndGlobalSection
	GlobalSection(ProjectConfigurationPlatforms) = postSolution
		{BBC2208C-58D7-481B-9DBD-642AB87C0E06}.Debug|Any CPU.ActiveCfg = Debug|Any CPU
		{BBC2208C-58D7-481B-9DBD-642AB87C0E06}.Debug|Any CPU.Build.0 = Debug|Any CPU
		{BBC2208C-58D7-481B-9DBD-642AB87C0E06}.Release|Any CPU.ActiveCfg = Release|Any CPU
		{BBC2208C-58D7-481B-9DBD-642AB87C0E06}.Release|Any CPU.Build.0 = Release|Any CPU
	EndGlobalSection
	GlobalSection(SolutionProperties) = preSolution
		HideSolutionNode = FALSE
	EndGlobalSection
	GlobalSection(ExtensibilityGlobals) = postSolution
		SolutionGuid = {B35D3E38-D2CB-4CE0-B30B-D95C2104074A}
	EndGlobalSection
EndGlobal
